
Microsoft Visual Studio Solution File, Format Version 12.00
# Visual Studio Version 17
VisualStudioVersion = 17.6.33723.286
MinimumVisualStudioVersion = 10.0.40219.1
Project("{FAE04EC0-301F-11D3-BF4B-00C04F79EFBC}") = "MyFirstWebAPI2", "MyFirstWebAPI2\MyFirstWebAPI2.csproj", "{DAFC0105-501C-411E-A8AC-B91D9ECF8B1E}"
EndProject
Global
	GlobalSection(SolutionConfigurationPlatforms) = preSolution
		Debug|Any CPU = Debug|Any CPU
		Release|Any CPU = Release|Any CPU
	EndGlobalSection
	GlobalSection(ProjectConfigurationPlatforms) = postSolution
		{DAFC0105-501C-411E-A8AC-B91D9ECF8B1E}.Debug|Any CPU.ActiveCfg = Debug|Any CPU
		{DAFC0105-501C-411E-A8AC-B91D9ECF8B1E}.Debug|Any CPU.Build.0 = Debug|Any CPU
		{DAFC0105-501C-411E-A8AC-B91D9ECF8B1E}.Release|Any CPU.ActiveCfg = Release|Any CPU
		{DAFC0105-501C-411E-A8AC-B91D9ECF8B1E}.Release|Any CPU.Build.0 = Release|Any CPU
	EndGlobalSection
	GlobalSection(SolutionProperties) = preSolution
		HideSolutionNode = FALSE
	EndGlobalSection
	GlobalSection(ExtensibilityGlobals) = postSolution
		SolutionGuid = {3A96ED34-DA6D-4994-95E4-2B980EE980F4}
	EndGlobalSection
EndGlobal
